
Microsoft Visual Studio Solution File, Format Version 12.00
# Visual Studio Version 17
VisualStudioVersion = 17.3.32922.545
MinimumVisualStudioVersion = 10.0.40219.1
Project("{FAE04EC0-301F-11D3-BF4B-00C04F79EFBC}") = "WPFPraticaPrestamoHerramientas", "WPFPraticaPrestamoHerramientas\WPFPraticaPrestamoHerramientas.csproj", "{01CBF805-9F98-4F16-87F4-2BC6468DE175}"
EndProject
Global
	GlobalSection(SolutionConfigurationPlatforms) = preSolution
		Debug|Any CPU = Debug|Any CPU
		Release|Any CPU = Release|Any CPU
	EndGlobalSection
	GlobalSection(ProjectConfigurationPlatforms) = postSolution
		{01CBF805-9F98-4F16-87F4-2BC6468DE175}.Debug|Any CPU.ActiveCfg = Debug|Any CPU
		{01CBF805-9F98-4F16-87F4-2BC6468DE175}.Debug|Any CPU.Build.0 = Debug|Any CPU
		{01CBF805-9F98-4F16-87F4-2BC6468DE175}.Release|Any CPU.ActiveCfg = Release|Any CPU
		{01CBF805-9F98-4F16-87F4-2BC6468DE175}.Release|Any CPU.Build.0 = Release|Any CPU
	EndGlobalSection
	GlobalSection(SolutionProperties) = preSolution
		HideSolutionNode = FALSE
	EndGlobalSection
	GlobalSection(ExtensibilityGlobals) = postSolution
		SolutionGuid = {601EE410-98A2-436F-8560-FE8209478839}
	EndGlobalSection
EndGlobal
